
Microsoft Visual Studio Solution File, Format Version 11.00
# Visual Studio 2010
Project("{FAE04EC0-301F-11D3-BF4B-00C04F79EFBC}") = "MultiplayerClient", "Assembly-CSharp.csproj", "{65C3F647-D50D-755E-4CF2-1871FCB798DE}"
EndProject
Project("{FAE04EC0-301F-11D3-BF4B-00C04F79EFBC}") = "MultiplayerClient", "Assembly-CSharp-Editor.csproj", "{831F0DF3-7C52-CB37-2E10-7B287EC595A5}"
EndProject
Global
	GlobalSection(SolutionConfigurationPlatforms) = preSolution
		Debug|Any CPU = Debug|Any CPU
		Release|Any CPU = Release|Any CPU
	EndGlobalSection
	GlobalSection(ProjectConfigurationPlatforms) = postSolution
		{65C3F647-D50D-755E-4CF2-1871FCB798DE}.Debug|Any CPU.ActiveCfg = Debug|Any CPU
		{65C3F647-D50D-755E-4CF2-1871FCB798DE}.Debug|Any CPU.Build.0 = Debug|Any CPU
		{65C3F647-D50D-755E-4CF2-1871FCB798DE}.Release|Any CPU.ActiveCfg = Release|Any CPU
		{65C3F647-D50D-755E-4CF2-1871FCB798DE}.Release|Any CPU.Build.0 = Release|Any CPU
		{831F0DF3-7C52-CB37-2E10-7B287EC595A5}.Debug|Any CPU.ActiveCfg = Debug|Any CPU
		{831F0DF3-7C52-CB37-2E10-7B287EC595A5}.Debug|Any CPU.Build.0 = Debug|Any CPU
		{831F0DF3-7C52-CB37-2E10-7B287EC595A5}.Release|Any CPU.ActiveCfg = Release|Any CPU
		{831F0DF3-7C52-CB37-2E10-7B287EC595A5}.Release|Any CPU.Build.0 = Release|Any CPU
	EndGlobalSection
	GlobalSection(SolutionProperties) = preSolution
		HideSolutionNode = FALSE
	EndGlobalSection
	GlobalSection(MonoDevelopProperties) = preSolution
		StartupItem = Assembly-CSharp.csproj
	EndGlobalSection
EndGlobal
